
Microsoft Visual Studio Solution File, Format Version 12.00
# Visual Studio Version 17
VisualStudioVersion = 17.14.36414.22 d17.14
MinimumVisualStudioVersion = 10.0.40219.1
Project("{FAE04EC0-301F-11D3-BF4B-00C04F79EFBC}") = "Phonebook", "Phonebook.csproj", "{22E10ABA-3CF2-4007-B9BF-376C4DB80F44}"
EndProject
Global
	GlobalSection(SolutionConfigurationPlatforms) = preSolution
		Debug|Any CPU = Debug|Any CPU
		Release|Any CPU = Release|Any CPU
	EndGlobalSection
	GlobalSection(ProjectConfigurationPlatforms) = postSolution
		{22E10ABA-3CF2-4007-B9BF-376C4DB80F44}.Debug|Any CPU.ActiveCfg = Debug|Any CPU
		{22E10ABA-3CF2-4007-B9BF-376C4DB80F44}.Debug|Any CPU.Build.0 = Debug|Any CPU
		{22E10ABA-3CF2-4007-B9BF-376C4DB80F44}.Release|Any CPU.ActiveCfg = Release|Any CPU
		{22E10ABA-3CF2-4007-B9BF-376C4DB80F44}.Release|Any CPU.Build.0 = Release|Any CPU
	EndGlobalSection
	GlobalSection(SolutionProperties) = preSolution
		HideSolutionNode = FALSE
	EndGlobalSection
	GlobalSection(ExtensibilityGlobals) = postSolution
		SolutionGuid = {5D1E77EA-6584-4E61-9FDF-CF48771A2953}
	EndGlobalSection
EndGlobal
